<?xml version="1.0" encoding="utf-8"?>
<Project ToolsVersion="4.0" xmlns="http://schemas.microsoft.com/developer/msbuild/2003">
  <ItemGroup>
    <Filter Include="Fichiers sources">
      <UniqueIdentifier>{4FC737F1-C7A5-4376-A066-2A32D752A2FF}</UniqueIdentifier>
      <Extensions>cpp;c;cc;cxx;c++;cppm;ixx;def;odl;idl;hpj;bat;asm;asmx</Extensions>
    </Filter>
    <Filter Include="Fichiers de ressources">
      <UniqueIdentifier>{67DA6AB6-F800-4c08-8B7A-83BB121AAD01}</UniqueIdentifier>
      <Extensions>rc;ico;cur;bmp;dlg;rc2;rct;bin;rgs;gif;jpg;jpeg;jpe;resx;tiff;tif;png;wav;mfcribbon-ms</Extensions>
    </Filter>
    <Filter Include="Fichiers sources\GameState">
      <UniqueIdentifier>{5954cc8e-1c8c-4e9d-8dbb-bb140ba76335}</UniqueIdentifier>
    </Filter>
    <Filter Include="Fichiers sources\Ressources">
      <UniqueIdentifier>{cd50b94c-9e6f-42c5-8e26-ddc08a015632}</UniqueIdentifier>
    </Filter>
  </ItemGroup>
  <ItemGroup>
    <ClCompile Include="main.cpp">
      <Filter>Fichiers sources</Filter>
    </ClCompile>
    <ClCompile Include="FrameManager.cpp">
      <Filter>Fichiers sources</Filter>
    </ClCompile>
    <ClCompile Include="MainMenuState.cpp">
      <Filter>Fichiers sources\GameState</Filter>
    </ClCompile>
    <ClCompile Include="GraphiqueManager.cpp">
      <Filter>Fichiers sources</Filter>
    </ClCompile>
    <ClCompile Include="ClicManager.cpp">
      <Filter>Fichiers sources</Filter>
    </ClCompile>
    <ClCompile Include="test.cpp">
      <Filter>Fichiers sources</Filter>
    </ClCompile>
  </ItemGroup>
  <ItemGroup>
    <ClInclude Include="FrameManager.hpp">
      <Filter>Fichiers sources</Filter>
    </ClInclude>
    <ClInclude Include="DEFINITIONS.hpp">
      <Filter>Fichiers sources</Filter>
    </ClInclude>
    <ClInclude Include="State.hpp">
      <Filter>Fichiers sources\GameState</Filter>
    </ClInclude>
    <ClInclude Include="MainMenuState.hpp">
      <Filter>Fichiers sources\GameState</Filter>
    </ClInclude>
    <ClInclude Include="GraphiqueManager.hpp">
      <Filter>Fichiers sources</Filter>
    </ClInclude>
    <ClInclude Include="ClicManager.hpp">
      <Filter>Fichiers sources</Filter>
    </ClInclude>
  </ItemGroup>
</Project>